{
  "version": 1,
  "dependencies": {
    ".NETFramework,Version=v4.8": {
      "ExMod.Exiled": {
        "type": "Direct",
        "requested": "[9.12.6, )",
        "resolved": "9.12.6",
        "contentHash": "Qv+S0k0lHTc3okgfyrXRiqi9uhDEAwE1S3dR/7khRsG5nZFL6nZUVnOHhQF7nK+ZZeJ9mohohD99Z4gej4apbg=="
      },
      "Microsoft.NETFramework.ReferenceAssemblies": {
        "type": "Direct",
        "requested": "[1.0.3, )",
        "resolved": "1.0.3",
        "contentHash": "vUc9Npcs14QsyOD01tnv/m8sQUnGTGOw1BCmKcv77LBJY7OxhJ+zJF7UD/sCL3lYNFuqmQEVlkfS4Quif6FyYg==",
        "dependencies": {
          "Microsoft.NETFramework.ReferenceAssemblies.net48": "1.0.3"
        }
      },
      "Microsoft.NETFramework.ReferenceAssemblies.net48": {
        "type": "Transitive",
        "resolved": "1.0.3",
        "contentHash": "zMk4D+9zyiEWByyQ7oPImPN/Jhpj166Ky0Nlla4eXlNL8hI/BtSJsgR8Inldd4NNpIAH3oh8yym0W2DrhXdSLQ=="
      }
    }
  }
}